
Microsoft Visual Studio Solution File, Format Version 12.00
# Visual Studio Version 18
VisualStudioVersion = 18.6.11822.322 stable
MinimumVisualStudioVersion = 10.0.40219.1
Project("{FAE04EC0-301F-11D3-BF4B-00C04F79EFBC}") = "MandelbrotGpu", "MandelbrotGpu.csproj", "{349D1C85-DC52-9A41-20A8-CE4CDE99CF65}"
EndProject
Global
	GlobalSection(SolutionConfigurationPlatforms) = preSolution
		Debug|Any CPU = Debug|Any CPU
		Release|Any CPU = Release|Any CPU
	EndGlobalSection
	GlobalSection(ProjectConfigurationPlatforms) = postSolution
		{349D1C85-DC52-9A41-20A8-CE4CDE99CF65}.Debug|Any CPU.ActiveCfg = Debug|Any CPU
		{349D1C85-DC52-9A41-20A8-CE4CDE99CF65}.Debug|Any CPU.Build.0 = Debug|Any CPU
		{349D1C85-DC52-9A41-20A8-CE4CDE99CF65}.Release|Any CPU.ActiveCfg = Release|Any CPU
		{349D1C85-DC52-9A41-20A8-CE4CDE99CF65}.Release|Any CPU.Build.0 = Release|Any CPU
	EndGlobalSection
	GlobalSection(SolutionProperties) = preSolution
		HideSolutionNode = FALSE
	EndGlobalSection
	GlobalSection(ExtensibilityGlobals) = postSolution
		SolutionGuid = {77A36969-91E2-4856-9C4F-22094D975A54}
	EndGlobalSection
EndGlobal
